# IF THERE'S A GIT CONFLICT IN THIS FILE, DON'T SOLVE IT MANUALLY!
# INSTEAD EXECUTE `prisma lift fix`
# lift lockfile v1
# Read more about conflict resolution here: TODO

20190611210136-add user model
20190615163204-add-document-and-comment
20190615172410-remove-last-login-from-user
20190615174804-add-path-to-document-model
20190615215613-add-path-and-content-to-document